// !$*UTF8*$!
{
	archiveVersion = 1;
	classes = {
	};
	objectVersion = 50;
	objects = {

/* Begin PBXBuildFile section */
		77B4B86B25F0C65E0017D000 /* SwiftUI_Views_and_ToolsApp.swift in Sources */ = {isa = PBXBuildFile; fileRef = 77B4B86A25F0C65E0017D000 /* SwiftUI_Views_and_ToolsApp.swift */; };
		77B4B86D25F0C65E0017D000 /* ContentView.swift in Sources */ = {isa = PBXBuildFile; fileRef = 77B4B86C25F0C65E0017D000 /* ContentView.swift */; };
		77B4B86F25F0C6640017D000 /* Assets.xcassets in Resources */ = {isa = PBXBuildFile; fileRef = 77B4B86E25F0C6640017D000 /* Assets.xcassets */; };
		77B4B87225F0C6640017D000 /* Preview Assets.xcassets in Resources */ = {isa = PBXBuildFile; fileRef = 77B4B87125F0C6640017D000 /* Preview Assets.xcassets */; };
		77B4B87D25F0C6B60017D000 /* HorizontalPicker.swift in Sources */ = {isa = PBXBuildFile; fileRef = 77B4B87C25F0C6B60017D000 /* HorizontalPicker.swift */; };
		77B4B88125F10A5C0017D000 /* PageView.swift in Sources */ = {isa = PBXBuildFile; fileRef = 77B4B88025F10A5C0017D000 /* PageView.swift */; };
		77FCCB6E2675A06A002A85A8 /* OctagonCard.swift in Sources */ = {isa = PBXBuildFile; fileRef = 77FCCB632675A06A002A85A8 /* OctagonCard.swift */; };
		77FCCB6F2675A06A002A85A8 /* RectCard.swift in Sources */ = {isa = PBXBuildFile; fileRef = 77FCCB642675A06A002A85A8 /* RectCard.swift */; };
		77FCCB702675A06A002A85A8 /* HouseCard.swift in Sources */ = {isa = PBXBuildFile; fileRef = 77FCCB652675A06A002A85A8 /* HouseCard.swift */; };
		77FCCB712675A06A002A85A8 /* Polygon.swift in Sources */ = {isa = PBXBuildFile; fileRef = 77FCCB662675A06A002A85A8 /* Polygon.swift */; };
		77FCCB722675A06A002A85A8 /* SquareCard.swift in Sources */ = {isa = PBXBuildFile; fileRef = 77FCCB672675A06A002A85A8 /* SquareCard.swift */; };
		77FCCB732675A06A002A85A8 /* TriangleCard.swift in Sources */ = {isa = PBXBuildFile; fileRef = 77FCCB682675A06A002A85A8 /* TriangleCard.swift */; };
		77FCCB742675A06A002A85A8 /* HeartCard.swift in Sources */ = {isa = PBXBuildFile; fileRef = 77FCCB692675A06A002A85A8 /* HeartCard.swift */; };
		77FCCB752675A06A002A85A8 /* CircleCard.swift in Sources */ = {isa = PBXBuildFile; fileRef = 77FCCB6A2675A06A002A85A8 /* CircleCard.swift */; };
		77FCCB762675A06A002A85A8 /* ShieldCard.swift in Sources */ = {isa = PBXBuildFile; fileRef = 77FCCB6B2675A06A002A85A8 /* ShieldCard.swift */; };
		77FCCB772675A06A002A85A8 /* DiamondCard.swift in Sources */ = {isa = PBXBuildFile; fileRef = 77FCCB6C2675A06A002A85A8 /* DiamondCard.swift */; };
		77FCCB782675A06A002A85A8 /* HexagonCard.swift in Sources */ = {isa = PBXBuildFile; fileRef = 77FCCB6D2675A06A002A85A8 /* HexagonCard.swift */; };
		77FCCB7A2675A0BD002A85A8 /* Segment.swift in Sources */ = {isa = PBXBuildFile; fileRef = 77FCCB792675A0BD002A85A8 /* Segment.swift */; };
/* End PBXBuildFile section */

/* Begin PBXFileReference section */
		77B4B86725F0C65E0017D000 /* SwiftUI Views and Tools.app */ = {isa = PBXFileReference; explicitFileType = wrapper.application; includeInIndex = 0; path = "SwiftUI Views and Tools.app"; sourceTree = BUILT_PRODUCTS_DIR; };
		77B4B86A25F0C65E0017D000 /* SwiftUI_Views_and_ToolsApp.swift */ = {isa = PBXFileReference; lastKnownFileType = sourcecode.swift; path = SwiftUI_Views_and_ToolsApp.swift; sourceTree = "<group>"; };
		77B4B86C25F0C65E0017D000 /* ContentView.swift */ = {isa = PBXFileReference; lastKnownFileType = sourcecode.swift; path = ContentView.swift; sourceTree = "<group>"; };
		77B4B86E25F0C6640017D000 /* Assets.xcassets */ = {isa = PBXFileReference; lastKnownFileType = folder.assetcatalog; path = Assets.xcassets; sourceTree = "<group>"; };
		77B4B87125F0C6640017D000 /* Preview Assets.xcassets */ = {isa = PBXFileReference; lastKnownFileType = folder.assetcatalog; path = "Preview Assets.xcassets"; sourceTree = "<group>"; };
		77B4B87325F0C6640017D000 /* Info.plist */ = {isa = PBXFileReference; lastKnownFileType = text.plist.xml; path = Info.plist; sourceTree = "<group>"; };
		77B4B87C25F0C6B60017D000 /* HorizontalPicker.swift */ = {isa = PBXFileReference; lastKnownFileType = sourcecode.swift; path = HorizontalPicker.swift; sourceTree = "<group>"; };
		77B4B88025F10A5C0017D000 /* PageView.swift */ = {isa = PBXFileReference; lastKnownFileType = sourcecode.swift; path = PageView.swift; sourceTree = "<group>"; };
		77FCCB632675A06A002A85A8 /* OctagonCard.swift */ = {isa = PBXFileReference; fileEncoding = 4; lastKnownFileType = sourcecode.swift; path = OctagonCard.swift; sourceTree = "<group>"; };
		77FCCB642675A06A002A85A8 /* RectCard.swift */ = {isa = PBXFileReference; fileEncoding = 4; lastKnownFileType = sourcecode.swift; path = RectCard.swift; sourceTree = "<group>"; };
		77FCCB652675A06A002A85A8 /* HouseCard.swift */ = {isa = PBXFileReference; fileEncoding = 4; lastKnownFileType = sourcecode.swift; path = HouseCard.swift; sourceTree = "<group>"; };
		77FCCB662675A06A002A85A8 /* Polygon.swift */ = {isa = PBXFileReference; fileEncoding = 4; lastKnownFileType = sourcecode.swift; path = Polygon.swift; sourceTree = "<group>"; };
		77FCCB672675A06A002A85A8 /* SquareCard.swift */ = {isa = PBXFileReference; fileEncoding = 4; lastKnownFileType = sourcecode.swift; path = SquareCard.swift; sourceTree = "<group>"; };
		77FCCB682675A06A002A85A8 /* TriangleCard.swift */ = {isa = PBXFileReference; fileEncoding = 4; lastKnownFileType = sourcecode.swift; path = TriangleCard.swift; sourceTree = "<group>"; };
		77FCCB692675A06A002A85A8 /* HeartCard.swift */ = {isa = PBXFileReference; fileEncoding = 4; lastKnownFileType = sourcecode.swift; path = HeartCard.swift; sourceTree = "<group>"; };
		77FCCB6A2675A06A002A85A8 /* CircleCard.swift */ = {isa = PBXFileReference; fileEncoding = 4; lastKnownFileType = sourcecode.swift; path = CircleCard.swift; sourceTree = "<group>"; };
		77FCCB6B2675A06A002A85A8 /* ShieldCard.swift */ = {isa = PBXFileReference; fileEncoding = 4; lastKnownFileType = sourcecode.swift; path = ShieldCard.swift; sourceTree = "<group>"; };
		77FCCB6C2675A06A002A85A8 /* DiamondCard.swift */ = {isa = PBXFileReference; fileEncoding = 4; lastKnownFileType = sourcecode.swift; path = DiamondCard.swift; sourceTree = "<group>"; };
		77FCCB6D2675A06A002A85A8 /* HexagonCard.swift */ = {isa = PBXFileReference; fileEncoding = 4; lastKnownFileType = sourcecode.swift; path = HexagonCard.swift; sourceTree = "<group>"; };
		77FCCB792675A0BD002A85A8 /* Segment.swift */ = {isa = PBXFileReference; lastKnownFileType = sourcecode.swift; path = Segment.swift; sourceTree = "<group>"; };
/* End PBXFileReference section */

/* Begin PBXFrameworksBuildPhase section */
		77B4B86425F0C65E0017D000 /* Frameworks */ = {
			isa = PBXFrameworksBuildPhase;
			buildActionMask = 2147483647;
			files = (
			);
			runOnlyForDeploymentPostprocessing = 0;
		};
/* End PBXFrameworksBuildPhase section */

/* Begin PBXGroup section */
		77B4B85E25F0C65E0017D000 = {
			isa = PBXGroup;
			children = (
				77B4B86925F0C65E0017D000 /* SwiftUI Views and Tools */,
				77B4B86825F0C65E0017D000 /* Products */,
			);
			sourceTree = "<group>";
		};
		77B4B86825F0C65E0017D000 /* Products */ = {
			isa = PBXGroup;
			children = (
				77B4B86725F0C65E0017D000 /* SwiftUI Views and Tools.app */,
			);
			name = Products;
			sourceTree = "<group>";
		};
		77B4B86925F0C65E0017D000 /* SwiftUI Views and Tools */ = {
			isa = PBXGroup;
			children = (
				77FCCB6226759FDE002A85A8 /* BasicShapes */,
				77B4B88325F10A650017D000 /* PageViewController */,
				77B4B86A25F0C65E0017D000 /* SwiftUI_Views_and_ToolsApp.swift */,
				77B4B86C25F0C65E0017D000 /* ContentView.swift */,
				77B4B87B25F0C6920017D000 /* Horizontal Picker */,
				77B4B86E25F0C6640017D000 /* Assets.xcassets */,
				77B4B87325F0C6640017D000 /* Info.plist */,
				77B4B87025F0C6640017D000 /* Preview Content */,
			);
			path = "SwiftUI Views and Tools";
			sourceTree = "<group>";
		};
		77B4B87025F0C6640017D000 /* Preview Content */ = {
			isa = PBXGroup;
			children = (
				77B4B87125F0C6640017D000 /* Preview Assets.xcassets */,
			);
			path = "Preview Content";
			sourceTree = "<group>";
		};
		77B4B87B25F0C6920017D000 /* Horizontal Picker */ = {
			isa = PBXGroup;
			children = (
				77B4B87C25F0C6B60017D000 /* HorizontalPicker.swift */,
			);
			path = "Horizontal Picker";
			sourceTree = "<group>";
		};
		77B4B88325F10A650017D000 /* PageViewController */ = {
			isa = PBXGroup;
			children = (
				77B4B88025F10A5C0017D000 /* PageView.swift */,
			);
			path = PageViewController;
			sourceTree = "<group>";
		};
		77FCCB6226759FDE002A85A8 /* BasicShapes */ = {
			isa = PBXGroup;
			children = (
				77FCCB6A2675A06A002A85A8 /* CircleCard.swift */,
				77FCCB6C2675A06A002A85A8 /* DiamondCard.swift */,
				77FCCB692675A06A002A85A8 /* HeartCard.swift */,
				77FCCB6D2675A06A002A85A8 /* HexagonCard.swift */,
				77FCCB652675A06A002A85A8 /* HouseCard.swift */,
				77FCCB632675A06A002A85A8 /* OctagonCard.swift */,
				77FCCB662675A06A002A85A8 /* Polygon.swift */,
				77FCCB642675A06A002A85A8 /* RectCard.swift */,
				77FCCB6B2675A06A002A85A8 /* ShieldCard.swift */,
				77FCCB672675A06A002A85A8 /* SquareCard.swift */,
				77FCCB682675A06A002A85A8 /* TriangleCard.swift */,
				77FCCB792675A0BD002A85A8 /* Segment.swift */,
			);
			path = BasicShapes;
			sourceTree = "<group>";
		};
/* End PBXGroup section */

/* Begin PBXNativeTarget section */
		77B4B86625F0C65E0017D000 /* SwiftUI Views and Tools */ = {
			isa = PBXNativeTarget;
			buildConfigurationList = 77B4B87625F0C6640017D000 /* Build configuration list for PBXNativeTarget "SwiftUI Views and Tools" */;
			buildPhases = (
				77B4B86325F0C65E0017D000 /* Sources */,
				77B4B86425F0C65E0017D000 /* Frameworks */,
				77B4B86525F0C65E0017D000 /* Resources */,
			);
			buildRules = (
			);
			dependencies = (
			);
			name = "SwiftUI Views and Tools";
			productName = "SwiftUI Views and Tools";
			productReference = 77B4B86725F0C65E0017D000 /* SwiftUI Views and Tools.app */;
			productType = "com.apple.product-type.application";
		};
/* End PBXNativeTarget section */

/* Begin PBXProject section */
		77B4B85F25F0C65E0017D000 /* Project object */ = {
			isa = PBXProject;
			attributes = {
				LastSwiftUpdateCheck = 1230;
				LastUpgradeCheck = 1230;
				TargetAttributes = {
					77B4B86625F0C65E0017D000 = {
						CreatedOnToolsVersion = 12.3;
					};
				};
			};
			buildConfigurationList = 77B4B86225F0C65E0017D000 /* Build configuration list for PBXProject "SwiftUI Views and Tools" */;
			compatibilityVersion = "Xcode 9.3";
			developmentRegion = en;
			hasScannedForEncodings = 0;
			knownRegions = (
				en,
				Base,
			);
			mainGroup = 77B4B85E25F0C65E0017D000;
			productRefGroup = 77B4B86825F0C65E0017D000 /* Products */;
			projectDirPath = "";
			projectRoot = "";
			targets = (
				77B4B86625F0C65E0017D000 /* SwiftUI Views and Tools */,
			);
		};
/* End PBXProject section */

/* Begin PBXResourcesBuildPhase section */
		77B4B86525F0C65E0017D000 /* Resources */ = {
			isa = PBXResourcesBuildPhase;
			buildActionMask = 2147483647;
			files = (
				77B4B87225F0C6640017D000 /* Preview Assets.xcassets in Resources */,
				77B4B86F25F0C6640017D000 /* Assets.xcassets in Resources */,
			);
			runOnlyForDeploymentPostprocessing = 0;
		};
/* End PBXResourcesBuildPhase section */

/* Begin PBXSourcesBuildPhase section */
		77B4B86325F0C65E0017D000 /* Sources */ = {
			isa = PBXSourcesBuildPhase;
			buildActionMask = 2147483647;
			files = (
				77FCCB712675A06A002A85A8 /* Polygon.swift in Sources */,
				77B4B86D25F0C65E0017D000 /* ContentView.swift in Sources */,
				77B4B88125F10A5C0017D000 /* PageView.swift in Sources */,
				77FCCB742675A06A002A85A8 /* HeartCard.swift in Sources */,
				77FCCB6E2675A06A002A85A8 /* OctagonCard.swift in Sources */,
				77FCCB702675A06A002A85A8 /* HouseCard.swift in Sources */,
				77FCCB772675A06A002A85A8 /* DiamondCard.swift in Sources */,
				77B4B87D25F0C6B60017D000 /* HorizontalPicker.swift in Sources */,
				77FCCB762675A06A002A85A8 /* ShieldCard.swift in Sources */,
				77FCCB782675A06A002A85A8 /* HexagonCard.swift in Sources */,
				77B4B86B25F0C65E0017D000 /* SwiftUI_Views_and_ToolsApp.swift in Sources */,
				77FCCB7A2675A0BD002A85A8 /* Segment.swift in Sources */,
				77FCCB732675A06A002A85A8 /* TriangleCard.swift in Sources */,
				77FCCB6F2675A06A002A85A8 /* RectCard.swift in Sources */,
				77FCCB722675A06A002A85A8 /* SquareCard.swift in Sources */,
				77FCCB752675A06A002A85A8 /* CircleCard.swift in Sources */,
			);
			runOnlyForDeploymentPostprocessing = 0;
		};
/* End PBXSourcesBuildPhase section */

/* Begin XCBuildConfiguration section */
		77B4B87425F0C6640017D000 /* Debug */ = {
			isa = XCBuildConfiguration;
			buildSettings = {
				ALWAYS_SEARCH_USER_PATHS = NO;
				CLANG_ANALYZER_NONNULL = YES;
				CLANG_ANALYZER_NUMBER_OBJECT_CONVERSION = YES_AGGRESSIVE;
				CLANG_CXX_LANGUAGE_STANDARD = "gnu++14";
				CLANG_CXX_LIBRARY = "libc++";
				CLANG_ENABLE_MODULES = YES;
				CLANG_ENABLE_OBJC_ARC = YES;
				CLANG_ENABLE_OBJC_WEAK = YES;
				CLANG_WARN_BLOCK_CAPTURE_AUTORELEASING = YES;
				CLANG_WARN_BOOL_CONVERSION = YES;
				CLANG_WARN_COMMA = YES;
				CLANG_WARN_CONSTANT_CONVERSION = YES;
				CLANG_WARN_DEPRECATED_OBJC_IMPLEMENTATIONS = YES;
				CLANG_WARN_DIRECT_OBJC_ISA_USAGE = YES_ERROR;
				CLANG_WARN_DOCUMENTATION_COMMENTS = YES;
				CLANG_WARN_EMPTY_BODY = YES;
				CLANG_WARN_ENUM_CONVERSION = YES;
				CLANG_WARN_INFINITE_RECURSION = YES;
				CLANG_WARN_INT_CONVERSION = YES;
				CLANG_WARN_NON_LITERAL_NULL_CONVERSION = YES;
				CLANG_WARN_OBJC_IMPLICIT_RETAIN_SELF = YES;
				CLANG_WARN_OBJC_LITERAL_CONVERSION = YES;
				CLANG_WARN_OBJC_ROOT_CLASS = YES_ERROR;
				CLANG_WARN_QUOTED_INCLUDE_IN_FRAMEWORK_HEADER = YES;
				CLANG_WARN_RANGE_LOOP_ANALYSIS = YES;
				CLANG_WARN_STRICT_PROTOTYPES = YES;
				CLANG_WARN_SUSPICIOUS_MOVE = YES;
				CLANG_WARN_UNGUARDED_AVAILABILITY = YES_AGGRESSIVE;
				CLANG_WARN_UNREACHABLE_CODE = YES;
				CLANG_WARN__DUPLICATE_METHOD_MATCH = YES;
				COPY_PHASE_STRIP = NO;
				DEBUG_INFORMATION_FORMAT = dwarf;
				ENABLE_STRICT_OBJC_MSGSEND = YES;
				ENABLE_TESTABILITY = YES;
				GCC_C_LANGUAGE_STANDARD = gnu11;
				GCC_DYNAMIC_NO_PIC = NO;
				GCC_NO_COMMON_BLOCKS = YES;
				GCC_OPTIMIZATION_LEVEL = 0;
				GCC_PREPROCESSOR_DEFINITIONS = (
					"DEBUG=1",
					"$(inherited)",
				);
				GCC_WARN_64_TO_32_BIT_CONVERSION = YES;
				GCC_WARN_ABOUT_RETURN_TYPE = YES_ERROR;
				GCC_WARN_UNDECLARED_SELECTOR = YES;
				GCC_WARN_UNINITIALIZED_AUTOS = YES_AGGRESSIVE;
				GCC_WARN_UNUSED_FUNCTION = YES;
				GCC_WARN_UNUSED_VARIABLE = YES;
				IPHONEOS_DEPLOYMENT_TARGET = 14.3;
				MTL_ENABLE_DEBUG_INFO = INCLUDE_SOURCE;
				MTL_FAST_MATH = YES;
				ONLY_ACTIVE_ARCH = YES;
				SDKROOT = iphoneos;
				SWIFT_ACTIVE_COMPILATION_CONDITIONS = DEBUG;
				SWIFT_OPTIMIZATION_LEVEL = "-Onone";
			};
			name = Debug;
		};
		77B4B87525F0C6640017D000 /* Release */ = {
			isa = XCBuildConfiguration;
			buildSettings = {
				ALWAYS_SEARCH_USER_PATHS = NO;
				CLANG_ANALYZER_NONNULL = YES;
				CLANG_ANALYZER_NUMBER_OBJECT_CONVERSION = YES_AGGRESSIVE;
				CLANG_CXX_LANGUAGE_STANDARD = "gnu++14";
				CLANG_CXX_LIBRARY = "libc++";
				CLANG_ENABLE_MODULES = YES;
				CLANG_ENABLE_OBJC_ARC = YES;
				CLANG_ENABLE_OBJC_WEAK = YES;
				CLANG_WARN_BLOCK_CAPTURE_AUTORELEASING = YES;
				CLANG_WARN_BOOL_CONVERSION = YES;
				CLANG_WARN_COMMA = YES;
				CLANG_WARN_CONSTANT_CONVERSION = YES;
				CLANG_WARN_DEPRECATED_OBJC_IMPLEMENTATIONS = YES;
				CLANG_WARN_DIRECT_OBJC_ISA_USAGE = YES_ERROR;
				CLANG_WARN_DOCUMENTATION_COMMENTS = YES;
				CLANG_WARN_EMPTY_BODY = YES;
				CLANG_WARN_ENUM_CONVERSION = YES;
				CLANG_WARN_INFINITE_RECURSION = YES;
				CLANG_WARN_INT_CONVERSION = YES;
				CLANG_WARN_NON_LITERAL_NULL_CONVERSION = YES;
				CLANG_WARN_OBJC_IMPLICIT_RETAIN_SELF = YES;
				CLANG_WARN_OBJC_LITERAL_CONVERSION = YES;
				CLANG_WARN_OBJC_ROOT_CLASS = YES_ERROR;
				CLANG_WARN_QUOTED_INCLUDE_IN_FRAMEWORK_HEADER = YES;
				CLANG_WARN_RANGE_LOOP_ANALYSIS = YES;
				CLANG_WARN_STRICT_PROTOTYPES = YES;
				CLANG_WARN_SUSPICIOUS_MOVE = YES;
				CLANG_WARN_UNGUARDED_AVAILABILITY = YES_AGGRESSIVE;
				CLANG_WARN_UNREACHABLE_CODE = YES;
				CLANG_WARN__DUPLICATE_METHOD_MATCH = YES;
				COPY_PHASE_STRIP = NO;
				DEBUG_INFORMATION_FORMAT = "dwarf-with-dsym";
				ENABLE_NS_ASSERTIONS = NO;
				ENABLE_STRICT_OBJC_MSGSEND = YES;
				GCC_C_LANGUAGE_STANDARD = gnu11;
				GCC_NO_COMMON_BLOCKS = YES;
				GCC_WARN_64_TO_32_BIT_CONVERSION = YES;
				GCC_WARN_ABOUT_RETURN_TYPE = YES_ERROR;
				GCC_WARN_UNDECLARED_SELECTOR = YES;
				GCC_WARN_UNINITIALIZED_AUTOS = YES_AGGRESSIVE;
				GCC_WARN_UNUSED_FUNCTION = YES;
				GCC_WARN_UNUSED_VARIABLE = YES;
				IPHONEOS_DEPLOYMENT_TARGET = 14.3;
				MTL_ENABLE_DEBUG_INFO = NO;
				MTL_FAST_MATH = YES;
				SDKROOT = iphoneos;
				SWIFT_COMPILATION_MODE = wholemodule;
				SWIFT_OPTIMIZATION_LEVEL = "-O";
				VALIDATE_PRODUCT = YES;
			};
			name = Release;
		};
		77B4B87725F0C6640017D000 /* Debug */ = {
			isa = XCBuildConfiguration;
			buildSettings = {
				ASSETCATALOG_COMPILER_APPICON_NAME = AppIcon;
				ASSETCATALOG_COMPILER_GLOBAL_ACCENT_COLOR_NAME = AccentColor;
				CODE_SIGN_STYLE = Automatic;
				DEVELOPMENT_ASSET_PATHS = "\"SwiftUI Views and Tools/Preview Content\"";
				ENABLE_PREVIEWS = YES;
				INFOPLIST_FILE = "SwiftUI Views and Tools/Info.plist";
				IPHONEOS_DEPLOYMENT_TARGET = 14.0;
				LD_RUNPATH_SEARCH_PATHS = (
					"$(inherited)",
					"@executable_path/Frameworks",
				);
				PRODUCT_BUNDLE_IDENTIFIER = "future.SwiftUI-Views-and-Tools";
				PRODUCT_NAME = "$(TARGET_NAME)";
				SWIFT_VERSION = 5.0;
				TARGETED_DEVICE_FAMILY = "1,2";
			};
			name = Debug;
		};
		77B4B87825F0C6640017D000 /* Release */ = {
			isa = XCBuildConfiguration;
			buildSettings = {
				ASSETCATALOG_COMPILER_APPICON_NAME = AppIcon;
				ASSETCATALOG_COMPILER_GLOBAL_ACCENT_COLOR_NAME = AccentColor;
				CODE_SIGN_STYLE = Automatic;
				DEVELOPMENT_ASSET_PATHS = "\"SwiftUI Views and Tools/Preview Content\"";
				ENABLE_PREVIEWS = YES;
				INFOPLIST_FILE = "SwiftUI Views and Tools/Info.plist";
				IPHONEOS_DEPLOYMENT_TARGET = 14.0;
				LD_RUNPATH_SEARCH_PATHS = (
					"$(inherited)",
					"@executable_path/Frameworks",
				);
				PRODUCT_BUNDLE_IDENTIFIER = "future.SwiftUI-Views-and-Tools";
				PRODUCT_NAME = "$(TARGET_NAME)";
				SWIFT_VERSION = 5.0;
				TARGETED_DEVICE_FAMILY = "1,2";
			};
			name = Release;
		};
/* End XCBuildConfiguration section */

/* Begin XCConfigurationList section */
		77B4B86225F0C65E0017D000 /* Build configuration list for PBXProject "SwiftUI Views and Tools" */ = {
			isa = XCConfigurationList;
			buildConfigurations = (
				77B4B87425F0C6640017D000 /* Debug */,
				77B4B87525F0C6640017D000 /* Release */,
			);
			defaultConfigurationIsVisible = 0;
			defaultConfigurationName = Release;
		};
		77B4B87625F0C6640017D000 /* Build configuration list for PBXNativeTarget "SwiftUI Views and Tools" */ = {
			isa = XCConfigurationList;
			buildConfigurations = (
				77B4B87725F0C6640017D000 /* Debug */,
				77B4B87825F0C6640017D000 /* Release */,
			);
			defaultConfigurationIsVisible = 0;
			defaultConfigurationName = Release;
		};
/* End XCConfigurationList section */
	};
	rootObject = 77B4B85F25F0C65E0017D000 /* Project object */;
}
